// !$*UTF8*$!
{
	archiveVersion = 1;
	classes = {
	};
	objectVersion = 77;
	objects = {

/* Begin PBXBuildFile section */
		92A1CAD52DF9732000874F4B /* DGCharts in Frameworks */ = {isa = PBXBuildFile; productRef = 92A1CAD42DF9732000874F4B /* DGCharts */; };
		92F373C12DEE8E0B0032132E /* FirebaseAuth in Frameworks */ = {isa = PBXBuildFile; productRef = 92F373C02DEE8E0B0032132E /* FirebaseAuth */; };
		92F373C32DEE8E0B0032132E /* FirebaseAuthCombine-Community in Frameworks */ = {isa = PBXBuildFile; productRef = 92F373C22DEE8E0B0032132E /* FirebaseAuthCombine-Community */; };
		92F373C52DEE8E0B0032132E /* FirebaseDatabase in Frameworks */ = {isa = PBXBuildFile; productRef = 92F373C42DEE8E0B0032132E /* FirebaseDatabase */; };
		92F373C72DEE8E0B0032132E /* FirebaseFirestore in Frameworks */ = {isa = PBXBuildFile; productRef = 92F373C62DEE8E0B0032132E /* FirebaseFirestore */; };
		92F373C92DEE8E0B0032132E /* FirebaseFunctions in Frameworks */ = {isa = PBXBuildFile; productRef = 92F373C82DEE8E0B0032132E /* FirebaseFunctions */; };
		92F373CB2DEE8E0B0032132E /* FirebaseStorage in Frameworks */ = {isa = PBXBuildFile; productRef = 92F373CA2DEE8E0B0032132E /* FirebaseStorage */; };
		92F373CD2DEE8E410032132E /* FirebaseCore in Frameworks */ = {isa = PBXBuildFile; productRef = 92F373CC2DEE8E410032132E /* FirebaseCore */; };
/* End PBXBuildFile section */

/* Begin PBXContainerItemProxy section */
		92F373A12DEE87480032132E /* PBXContainerItemProxy */ = {
			isa = PBXContainerItemProxy;
			containerPortal = 92F3738B2DEE87450032132E /* Project object */;
			proxyType = 1;
			remoteGlobalIDString = 92F373922DEE87450032132E;
			remoteInfo = CigarAI;
		};
		92F373AB2DEE87480032132E /* PBXContainerItemProxy */ = {
			isa = PBXContainerItemProxy;
			containerPortal = 92F3738B2DEE87450032132E /* Project object */;
			proxyType = 1;
			remoteGlobalIDString = 92F373922DEE87450032132E;
			remoteInfo = CigarAI;
		};
/* End PBXContainerItemProxy section */

/* Begin PBXFileReference section */
		92F373932DEE87450032132E /* CigarAI.app */ = {isa = PBXFileReference; explicitFileType = wrapper.application; includeInIndex = 0; path = CigarAI.app; sourceTree = BUILT_PRODUCTS_DIR; };
		92F373A02DEE87480032132E /* CigarAITests.xctest */ = {isa = PBXFileReference; explicitFileType = wrapper.cfbundle; includeInIndex = 0; path = CigarAITests.xctest; sourceTree = BUILT_PRODUCTS_DIR; };
		92F373AA2DEE87480032132E /* CigarAIUITests.xctest */ = {isa = PBXFileReference; explicitFileType = wrapper.cfbundle; includeInIndex = 0; path = CigarAIUITests.xctest; sourceTree = BUILT_PRODUCTS_DIR; };
/* End PBXFileReference section */

/* Begin PBXFileSystemSynchronizedRootGroup section */
		92F373952DEE87450032132E /* CigarAI */ = {
			isa = PBXFileSystemSynchronizedRootGroup;
			path = CigarAI;
			sourceTree = "<group>";
		};
		92F373A32DEE87480032132E /* CigarAITests */ = {
			isa = PBXFileSystemSynchronizedRootGroup;
			path = CigarAITests;
			sourceTree = "<group>";
		};
		92F373AD2DEE87480032132E /* CigarAIUITests */ = {
			isa = PBXFileSystemSynchronizedRootGroup;
			path = CigarAIUITests;
			sourceTree = "<group>";
		};
/* End PBXFileSystemSynchronizedRootGroup section */

/* Begin PBXFrameworksBuildPhase section */
		92F373902DEE87450032132E /* Frameworks */ = {
			isa = PBXFrameworksBuildPhase;
			buildActionMask = 2147483647;
			files = (
				92A1CAD52DF9732000874F4B /* DGCharts in Frameworks */,
				92F373C52DEE8E0B0032132E /* FirebaseDatabase in Frameworks */,
				92F373C72DEE8E0B0032132E /* FirebaseFirestore in Frameworks */,
				92F373C92DEE8E0B0032132E /* FirebaseFunctions in Frameworks */,
				92F373C12DEE8E0B0032132E /* FirebaseAuth in Frameworks */,
				92F373CD2DEE8E410032132E /* FirebaseCore in Frameworks */,
				92F373C32DEE8E0B0032132E /* FirebaseAuthCombine-Community in Frameworks */,
				92F373CB2DEE8E0B0032132E /* FirebaseStorage in Frameworks */,
			);
			runOnlyForDeploymentPostprocessing = 0;
		};
		92F3739D2DEE87480032132E /* Frameworks */ = {
			isa = PBXFrameworksBuildPhase;
			buildActionMask = 2147483647;
			files = (
			);
			runOnlyForDeploymentPostprocessing = 0;
		};
		92F373A72DEE87480032132E /* Frameworks */ = {
			isa = PBXFrameworksBuildPhase;
			buildActionMask = 2147483647;
			files = (
			);
			runOnlyForDeploymentPostprocessing = 0;
		};
/* End PBXFrameworksBuildPhase section */

/* Begin PBXGroup section */
		92F3738A2DEE87450032132E = {
			isa = PBXGroup;
			children = (
				92F373952DEE87450032132E /* CigarAI */,
				92F373A32DEE87480032132E /* CigarAITests */,
				92F373AD2DEE87480032132E /* CigarAIUITests */,
				92F373942DEE87450032132E /* Products */,
			);
			sourceTree = "<group>";
		};
		92F373942DEE87450032132E /* Products */ = {
			isa = PBXGroup;
			children = (
				92F373932DEE87450032132E /* CigarAI.app */,
				92F373A02DEE87480032132E /* CigarAITests.xctest */,
				92F373AA2DEE87480032132E /* CigarAIUITests.xctest */,
			);
			name = Products;
			sourceTree = "<group>";
		};
/* End PBXGroup section */

/* Begin PBXNativeTarget section */
		92F373922DEE87450032132E /* CigarAI */ = {
			isa = PBXNativeTarget;
			buildConfigurationList = 92F373B42DEE87480032132E /* Build configuration list for PBXNativeTarget "CigarAI" */;
			buildPhases = (
				92F3738F2DEE87450032132E /* Sources */,
				92F373902DEE87450032132E /* Frameworks */,
				92F373912DEE87450032132E /* Resources */,
			);
			buildRules = (
			);
			dependencies = (
			);
			fileSystemSynchronizedGroups = (
				92F373952DEE87450032132E /* CigarAI */,
			);
			name = CigarAI;
			packageProductDependencies = (
				92F373C02DEE8E0B0032132E /* FirebaseAuth */,
				92F373C22DEE8E0B0032132E /* FirebaseAuthCombine-Community */,
				92F373C42DEE8E0B0032132E /* FirebaseDatabase */,
				92F373C62DEE8E0B0032132E /* FirebaseFirestore */,
				92F373C82DEE8E0B0032132E /* FirebaseFunctions */,
				92F373CA2DEE8E0B0032132E /* FirebaseStorage */,
				92F373CC2DEE8E410032132E /* FirebaseCore */,
				92A1CAD42DF9732000874F4B /* DGCharts */,
			);
			productName = CigarAI;
			productReference = 92F373932DEE87450032132E /* CigarAI.app */;
			productType = "com.apple.product-type.application";
		};
		92F3739F2DEE87480032132E /* CigarAITests */ = {
			isa = PBXNativeTarget;
			buildConfigurationList = 92F373B72DEE87480032132E /* Build configuration list for PBXNativeTarget "CigarAITests" */;
			buildPhases = (
				92F3739C2DEE87480032132E /* Sources */,
				92F3739D2DEE87480032132E /* Frameworks */,
				92F3739E2DEE87480032132E /* Resources */,
			);
			buildRules = (
			);
			dependencies = (
				92F373A22DEE87480032132E /* PBXTargetDependency */,
			);
			fileSystemSynchronizedGroups = (
				92F373A32DEE87480032132E /* CigarAITests */,
			);
			name = CigarAITests;
			packageProductDependencies = (
			);
			productName = CigarAITests;
			productReference = 92F373A02DEE87480032132E /* CigarAITests.xctest */;
			productType = "com.apple.product-type.bundle.unit-test";
		};
		92F373A92DEE87480032132E /* CigarAIUITests */ = {
			isa = PBXNativeTarget;
			buildConfigurationList = 92F373BA2DEE87480032132E /* Build configuration list for PBXNativeTarget "CigarAIUITests" */;
			buildPhases = (
				92F373A62DEE87480032132E /* Sources */,
				92F373A72DEE87480032132E /* Frameworks */,
				92F373A82DEE87480032132E /* Resources */,
			);
			buildRules = (
			);
			dependencies = (
				92F373AC2DEE87480032132E /* PBXTargetDependency */,
			);
			fileSystemSynchronizedGroups = (
				92F373AD2DEE87480032132E /* CigarAIUITests */,
			);
			name = CigarAIUITests;
			packageProductDependencies = (
			);
			productName = CigarAIUITests;
			productReference = 92F373AA2DEE87480032132E /* CigarAIUITests.xctest */;
			productType = "com.apple.product-type.bundle.ui-testing";
		};
/* End PBXNativeTarget section */

/* Begin PBXProject section */
		92F3738B2DEE87450032132E /* Project object */ = {
			isa = PBXProject;
			attributes = {
				BuildIndependentTargetsInParallel = 1;
				LastSwiftUpdateCheck = 1640;
				LastUpgradeCheck = 1640;
				TargetAttributes = {
					92F373922DEE87450032132E = {
						CreatedOnToolsVersion = 16.4;
					};
					92F3739F2DEE87480032132E = {
						CreatedOnToolsVersion = 16.4;
						TestTargetID = 92F373922DEE87450032132E;
					};
					92F373A92DEE87480032132E = {
						CreatedOnToolsVersion = 16.4;
						TestTargetID = 92F373922DEE87450032132E;
					};
				};
			};
			buildConfigurationList = 92F3738E2DEE87450032132E /* Build configuration list for PBXProject "CigarAI" */;
			developmentRegion = en;
			hasScannedForEncodings = 0;
			knownRegions = (
				en,
				Base,
			);
			mainGroup = 92F3738A2DEE87450032132E;
			minimizedProjectReferenceProxies = 1;
			packageReferences = (
				92F373BF2DEE8E0B0032132E /* XCRemoteSwiftPackageReference "firebase-ios-sdk" */,
				92A1CAD32DF9732000874F4B /* XCRemoteSwiftPackageReference "Charts" */,
			);
			preferredProjectObjectVersion = 77;
			productRefGroup = 92F373942DEE87450032132E /* Products */;
			projectDirPath = "";
			projectRoot = "";
			targets = (
				92F373922DEE87450032132E /* CigarAI */,
				92F3739F2DEE87480032132E /* CigarAITests */,
				92F373A92DEE87480032132E /* CigarAIUITests */,
			);
		};
/* End PBXProject section */

/* Begin PBXResourcesBuildPhase section */
		92F373912DEE87450032132E /* Resources */ = {
			isa = PBXResourcesBuildPhase;
			buildActionMask = 2147483647;
			files = (
			);
			runOnlyForDeploymentPostprocessing = 0;
		};
		92F3739E2DEE87480032132E /* Resources */ = {
			isa = PBXResourcesBuildPhase;
			buildActionMask = 2147483647;
			files = (
			);
			runOnlyForDeploymentPostprocessing = 0;
		};
		92F373A82DEE87480032132E /* Resources */ = {
			isa = PBXResourcesBuildPhase;
			buildActionMask = 2147483647;
			files = (
			);
			runOnlyForDeploymentPostprocessing = 0;
		};
/* End PBXResourcesBuildPhase section */

/* Begin PBXSourcesBuildPhase section */
		92F3738F2DEE87450032132E /* Sources */ = {
			isa = PBXSourcesBuildPhase;
			buildActionMask = 2147483647;
			files = (
			);
			runOnlyForDeploymentPostprocessing = 0;
		};
		92F3739C2DEE87480032132E /* Sources */ = {
			isa = PBXSourcesBuildPhase;
			buildActionMask = 2147483647;
			files = (
			);
			runOnlyForDeploymentPostprocessing = 0;
		};
		92F373A62DEE87480032132E /* Sources */ = {
			isa = PBXSourcesBuildPhase;
			buildActionMask = 2147483647;
			files = (
			);
			runOnlyForDeploymentPostprocessing = 0;
		};
/* End PBXSourcesBuildPhase section */

/* Begin PBXTargetDependency section */
		92F373A22DEE87480032132E /* PBXTargetDependency */ = {
			isa = PBXTargetDependency;
			target = 92F373922DEE87450032132E /* CigarAI */;
			targetProxy = 92F373A12DEE87480032132E /* PBXContainerItemProxy */;
		};
		92F373AC2DEE87480032132E /* PBXTargetDependency */ = {
			isa = PBXTargetDependency;
			target = 92F373922DEE87450032132E /* CigarAI */;
			targetProxy = 92F373AB2DEE87480032132E /* PBXContainerItemProxy */;
		};
/* End PBXTargetDependency section */

/* Begin XCBuildConfiguration section */
		92F373B22DEE87480032132E /* Debug */ = {
			isa = XCBuildConfiguration;
			buildSettings = {
				ALWAYS_SEARCH_USER_PATHS = NO;
				ASSETCATALOG_COMPILER_GENERATE_SWIFT_ASSET_SYMBOL_EXTENSIONS = YES;
				CLANG_ANALYZER_NONNULL = YES;
				CLANG_ANALYZER_NUMBER_OBJECT_CONVERSION = YES_AGGRESSIVE;
				CLANG_CXX_LANGUAGE_STANDARD = "gnu++20";
				CLANG_ENABLE_MODULES = YES;
				CLANG_ENABLE_OBJC_ARC = YES;
				CLANG_ENABLE_OBJC_WEAK = YES;
				CLANG_WARN_BLOCK_CAPTURE_AUTORELEASING = YES;
				CLANG_WARN_BOOL_CONVERSION = YES;
				CLANG_WARN_COMMA = YES;
				CLANG_WARN_CONSTANT_CONVERSION = YES;
				CLANG_WARN_DEPRECATED_OBJC_IMPLEMENTATIONS = YES;
				CLANG_WARN_DIRECT_OBJC_ISA_USAGE = YES_ERROR;
				CLANG_WARN_DOCUMENTATION_COMMENTS = YES;
				CLANG_WARN_EMPTY_BODY = YES;
				CLANG_WARN_ENUM_CONVERSION = YES;
				CLANG_WARN_INFINITE_RECURSION = YES;
				CLANG_WARN_INT_CONVERSION = YES;
				CLANG_WARN_NON_LITERAL_NULL_CONVERSION = YES;
				CLANG_WARN_OBJC_IMPLICIT_RETAIN_SELF = YES;
				CLANG_WARN_OBJC_LITERAL_CONVERSION = YES;
				CLANG_WARN_OBJC_ROOT_CLASS = YES_ERROR;
				CLANG_WARN_QUOTED_INCLUDE_IN_FRAMEWORK_HEADER = YES;
				CLANG_WARN_RANGE_LOOP_ANALYSIS = YES;
				CLANG_WARN_STRICT_PROTOTYPES = YES;
				CLANG_WARN_SUSPICIOUS_MOVE = YES;
				CLANG_WARN_UNGUARDED_AVAILABILITY = YES_AGGRESSIVE;
				CLANG_WARN_UNREACHABLE_CODE = YES;
				CLANG_WARN__DUPLICATE_METHOD_MATCH = YES;
				COPY_PHASE_STRIP = NO;
				DEBUG_INFORMATION_FORMAT = dwarf;
				DEVELOPMENT_TEAM = 7ZX376GC28;
				ENABLE_STRICT_OBJC_MSGSEND = YES;
				ENABLE_TESTABILITY = YES;
				ENABLE_USER_SCRIPT_SANDBOXING = YES;
				GCC_C_LANGUAGE_STANDARD = gnu17;
				GCC_DYNAMIC_NO_PIC = NO;
				GCC_NO_COMMON_BLOCKS = YES;
				GCC_OPTIMIZATION_LEVEL = 0;
				GCC_PREPROCESSOR_DEFINITIONS = (
					"DEBUG=1",
					"$(inherited)",
				);
				GCC_WARN_64_TO_32_BIT_CONVERSION = YES;
				GCC_WARN_ABOUT_RETURN_TYPE = YES_ERROR;
				GCC_WARN_UNDECLARED_SELECTOR = YES;
				GCC_WARN_UNINITIALIZED_AUTOS = YES_AGGRESSIVE;
				GCC_WARN_UNUSED_FUNCTION = YES;
				GCC_WARN_UNUSED_VARIABLE = YES;
				IPHONEOS_DEPLOYMENT_TARGET = 17.6;
				LOCALIZATION_PREFERS_STRING_CATALOGS = YES;
				MTL_ENABLE_DEBUG_INFO = INCLUDE_SOURCE;
				MTL_FAST_MATH = YES;
				ONLY_ACTIVE_ARCH = YES;
				SDKROOT = iphoneos;
				SWIFT_ACTIVE_COMPILATION_CONDITIONS = "DEBUG $(inherited)";
				SWIFT_OPTIMIZATION_LEVEL = "-Onone";
			};
			name = Debug;
		};
		92F373B32DEE87480032132E /* Release */ = {
			isa = XCBuildConfiguration;
			buildSettings = {
				ALWAYS_SEARCH_USER_PATHS = NO;
				ASSETCATALOG_COMPILER_GENERATE_SWIFT_ASSET_SYMBOL_EXTENSIONS = YES;
				CLANG_ANALYZER_NONNULL = YES;
				CLANG_ANALYZER_NUMBER_OBJECT_CONVERSION = YES_AGGRESSIVE;
				CLANG_CXX_LANGUAGE_STANDARD = "gnu++20";
				CLANG_ENABLE_MODULES = YES;
				CLANG_ENABLE_OBJC_ARC = YES;
				CLANG_ENABLE_OBJC_WEAK = YES;
				CLANG_WARN_BLOCK_CAPTURE_AUTORELEASING = YES;
				CLANG_WARN_BOOL_CONVERSION = YES;
				CLANG_WARN_COMMA = YES;
				CLANG_WARN_CONSTANT_CONVERSION = YES;
				CLANG_WARN_DEPRECATED_OBJC_IMPLEMENTATIONS = YES;
				CLANG_WARN_DIRECT_OBJC_ISA_USAGE = YES_ERROR;
				CLANG_WARN_DOCUMENTATION_COMMENTS = YES;
				CLANG_WARN_EMPTY_BODY = YES;
				CLANG_WARN_ENUM_CONVERSION = YES;
				CLANG_WARN_INFINITE_RECURSION = YES;
				CLANG_WARN_INT_CONVERSION = YES;
				CLANG_WARN_NON_LITERAL_NULL_CONVERSION = YES;
				CLANG_WARN_OBJC_IMPLICIT_RETAIN_SELF = YES;
				CLANG_WARN_OBJC_LITERAL_CONVERSION = YES;
				CLANG_WARN_OBJC_ROOT_CLASS = YES_ERROR;
				CLANG_WARN_QUOTED_INCLUDE_IN_FRAMEWORK_HEADER = YES;
				CLANG_WARN_RANGE_LOOP_ANALYSIS = YES;
				CLANG_WARN_STRICT_PROTOTYPES = YES;
				CLANG_WARN_SUSPICIOUS_MOVE = YES;
				CLANG_WARN_UNGUARDED_AVAILABILITY = YES_AGGRESSIVE;
				CLANG_WARN_UNREACHABLE_CODE = YES;
				CLANG_WARN__DUPLICATE_METHOD_MATCH = YES;
				COPY_PHASE_STRIP = NO;
				DEBUG_INFORMATION_FORMAT = "dwarf-with-dsym";
				DEVELOPMENT_TEAM = 7ZX376GC28;
				ENABLE_NS_ASSERTIONS = NO;
				ENABLE_STRICT_OBJC_MSGSEND = YES;
				ENABLE_USER_SCRIPT_SANDBOXING = YES;
				GCC_C_LANGUAGE_STANDARD = gnu17;
				GCC_NO_COMMON_BLOCKS = YES;
				GCC_WARN_64_TO_32_BIT_CONVERSION = YES;
				GCC_WARN_ABOUT_RETURN_TYPE = YES_ERROR;
				GCC_WARN_UNDECLARED_SELECTOR = YES;
				GCC_WARN_UNINITIALIZED_AUTOS = YES_AGGRESSIVE;
				GCC_WARN_UNUSED_FUNCTION = YES;
				GCC_WARN_UNUSED_VARIABLE = YES;
				IPHONEOS_DEPLOYMENT_TARGET = 17.6;
				LOCALIZATION_PREFERS_STRING_CATALOGS = YES;
				MTL_ENABLE_DEBUG_INFO = NO;
				MTL_FAST_MATH = YES;
				SDKROOT = iphoneos;
				SWIFT_COMPILATION_MODE = wholemodule;
				VALIDATE_PRODUCT = YES;
			};
			name = Release;
		};
		92F373B52DEE87480032132E /* Debug */ = {
			isa = XCBuildConfiguration;
			buildSettings = {
				ASSETCATALOG_COMPILER_APPICON_NAME = AppIcon;
				ASSETCATALOG_COMPILER_GLOBAL_ACCENT_COLOR_NAME = AccentColor;
				CODE_SIGN_STYLE = Automatic;
				CURRENT_PROJECT_VERSION = 1;
				DEVELOPMENT_TEAM = 7ZX376GC28;
				ENABLE_PREVIEWS = YES;
				GENERATE_INFOPLIST_FILE = YES;
				INFOPLIST_KEY_UIApplicationSceneManifest_Generation = YES;
				INFOPLIST_KEY_UIApplicationSupportsIndirectInputEvents = YES;
				INFOPLIST_KEY_UILaunchScreen_Generation = YES;
				INFOPLIST_KEY_UIRequiresFullScreen = NO;
				INFOPLIST_KEY_UISupportedInterfaceOrientations_iPad = "UIInterfaceOrientationPortrait UIInterfaceOrientationPortraitUpsideDown UIInterfaceOrientationLandscapeLeft UIInterfaceOrientationLandscapeRight";
				INFOPLIST_KEY_UISupportedInterfaceOrientations_iPhone = "UIInterfaceOrientationPortrait UIInterfaceOrientationLandscapeLeft UIInterfaceOrientationLandscapeRight";
				IPHONEOS_DEPLOYMENT_TARGET = 17.0;
				LD_RUNPATH_SEARCH_PATHS = (
					"$(inherited)",
					"@executable_path/Frameworks",
				);
				MARKETING_VERSION = 1.0;
				PRODUCT_BUNDLE_IDENTIFIER = xyz.cigarai.CigarAI;
				PRODUCT_NAME = "$(TARGET_NAME)";
				SUPPORTED_PLATFORMS = "iphoneos iphonesimulator";
				SUPPORTS_MACCATALYST = NO;
				SUPPORTS_MAC_DESIGNED_FOR_IPHONE_IPAD = NO;
				SUPPORTS_XR_DESIGNED_FOR_IPHONE_IPAD = NO;
				SWIFT_EMIT_LOC_STRINGS = YES;
				SWIFT_VERSION = 5.0;
				TARGETED_DEVICE_FAMILY = "1,2";
			};
			name = Debug;
		};
		92F373B62DEE87480032132E /* Release */ = {
			isa = XCBuildConfiguration;
			buildSettings = {
				ASSETCATALOG_COMPILER_APPICON_NAME = AppIcon;
				ASSETCATALOG_COMPILER_GLOBAL_ACCENT_COLOR_NAME = AccentColor;
				CODE_SIGN_STYLE = Automatic;
				CURRENT_PROJECT_VERSION = 1;
				DEVELOPMENT_TEAM = 7ZX376GC28;
				ENABLE_PREVIEWS = YES;
				GENERATE_INFOPLIST_FILE = YES;
				INFOPLIST_KEY_UIApplicationSceneManifest_Generation = YES;
				INFOPLIST_KEY_UIApplicationSupportsIndirectInputEvents = YES;
				INFOPLIST_KEY_UILaunchScreen_Generation = YES;
				INFOPLIST_KEY_UIRequiresFullScreen = NO;
				INFOPLIST_KEY_UISupportedInterfaceOrientations_iPad = "UIInterfaceOrientationPortrait UIInterfaceOrientationPortraitUpsideDown UIInterfaceOrientationLandscapeLeft UIInterfaceOrientationLandscapeRight";
				INFOPLIST_KEY_UISupportedInterfaceOrientations_iPhone = "UIInterfaceOrientationPortrait UIInterfaceOrientationLandscapeLeft UIInterfaceOrientationLandscapeRight";
				IPHONEOS_DEPLOYMENT_TARGET = 17.0;
				LD_RUNPATH_SEARCH_PATHS = (
					"$(inherited)",
					"@executable_path/Frameworks",
				);
				MARKETING_VERSION = 1.0;
				PRODUCT_BUNDLE_IDENTIFIER = xyz.cigarai.CigarAI;
				PRODUCT_NAME = "$(TARGET_NAME)";
				SUPPORTED_PLATFORMS = "iphoneos iphonesimulator";
				SUPPORTS_MACCATALYST = NO;
				SUPPORTS_MAC_DESIGNED_FOR_IPHONE_IPAD = NO;
				SUPPORTS_XR_DESIGNED_FOR_IPHONE_IPAD = NO;
				SWIFT_EMIT_LOC_STRINGS = YES;
				SWIFT_VERSION = 5.0;
				TARGETED_DEVICE_FAMILY = "1,2";
			};
			name = Release;
		};
		92F373B82DEE87480032132E /* Debug */ = {
			isa = XCBuildConfiguration;
			buildSettings = {
				BUNDLE_LOADER = "$(TEST_HOST)";
				CODE_SIGN_STYLE = Automatic;
				CURRENT_PROJECT_VERSION = 1;
				DEVELOPMENT_TEAM = 7ZX376GC28;
				GENERATE_INFOPLIST_FILE = YES;
				IPHONEOS_DEPLOYMENT_TARGET = 18.5;
				MARKETING_VERSION = 1.0;
				PRODUCT_BUNDLE_IDENTIFIER = xyz.cigarai.CigarAITests;
				PRODUCT_NAME = "$(TARGET_NAME)";
				SWIFT_EMIT_LOC_STRINGS = NO;
				SWIFT_VERSION = 5.0;
				TARGETED_DEVICE_FAMILY = "1,2";
				TEST_HOST = "$(BUILT_PRODUCTS_DIR)/CigarAI.app/$(BUNDLE_EXECUTABLE_FOLDER_PATH)/CigarAI";
			};
			name = Debug;
		};
		92F373B92DEE87480032132E /* Release */ = {
			isa = XCBuildConfiguration;
			buildSettings = {
				BUNDLE_LOADER = "$(TEST_HOST)";
				CODE_SIGN_STYLE = Automatic;
				CURRENT_PROJECT_VERSION = 1;
				DEVELOPMENT_TEAM = 7ZX376GC28;
				GENERATE_INFOPLIST_FILE = YES;
				IPHONEOS_DEPLOYMENT_TARGET = 18.5;
				MARKETING_VERSION = 1.0;
				PRODUCT_BUNDLE_IDENTIFIER = xyz.cigarai.CigarAITests;
				PRODUCT_NAME = "$(TARGET_NAME)";
				SWIFT_EMIT_LOC_STRINGS = NO;
				SWIFT_VERSION = 5.0;
				TARGETED_DEVICE_FAMILY = "1,2";
				TEST_HOST = "$(BUILT_PRODUCTS_DIR)/CigarAI.app/$(BUNDLE_EXECUTABLE_FOLDER_PATH)/CigarAI";
			};
			name = Release;
		};
		92F373BB2DEE87480032132E /* Debug */ = {
			isa = XCBuildConfiguration;
			buildSettings = {
				CODE_SIGN_STYLE = Automatic;
				CURRENT_PROJECT_VERSION = 1;
				DEVELOPMENT_TEAM = 7ZX376GC28;
				GENERATE_INFOPLIST_FILE = YES;
				MARKETING_VERSION = 1.0;
				PRODUCT_BUNDLE_IDENTIFIER = xyz.cigarai.CigarAIUITests;
				PRODUCT_NAME = "$(TARGET_NAME)";
				SWIFT_EMIT_LOC_STRINGS = NO;
				SWIFT_VERSION = 5.0;
				TARGETED_DEVICE_FAMILY = "1,2";
				TEST_TARGET_NAME = CigarAI;
			};
			name = Debug;
		};
		92F373BC2DEE87480032132E /* Release */ = {
			isa = XCBuildConfiguration;
			buildSettings = {
				CODE_SIGN_STYLE = Automatic;
				CURRENT_PROJECT_VERSION = 1;
				DEVELOPMENT_TEAM = 7ZX376GC28;
				GENERATE_INFOPLIST_FILE = YES;
				MARKETING_VERSION = 1.0;
				PRODUCT_BUNDLE_IDENTIFIER = xyz.cigarai.CigarAIUITests;
				PRODUCT_NAME = "$(TARGET_NAME)";
				SWIFT_EMIT_LOC_STRINGS = NO;
				SWIFT_VERSION = 5.0;
				TARGETED_DEVICE_FAMILY = "1,2";
				TEST_TARGET_NAME = CigarAI;
			};
			name = Release;
		};
/* End XCBuildConfiguration section */

/* Begin XCConfigurationList section */
		92F3738E2DEE87450032132E /* Build configuration list for PBXProject "CigarAI" */ = {
			isa = XCConfigurationList;
			buildConfigurations = (
				92F373B22DEE87480032132E /* Debug */,
				92F373B32DEE87480032132E /* Release */,
			);
			defaultConfigurationIsVisible = 0;
			defaultConfigurationName = Release;
		};
		92F373B42DEE87480032132E /* Build configuration list for PBXNativeTarget "CigarAI" */ = {
			isa = XCConfigurationList;
			buildConfigurations = (
				92F373B52DEE87480032132E /* Debug */,
				92F373B62DEE87480032132E /* Release */,
			);
			defaultConfigurationIsVisible = 0;
			defaultConfigurationName = Release;
		};
		92F373B72DEE87480032132E /* Build configuration list for PBXNativeTarget "CigarAITests" */ = {
			isa = XCConfigurationList;
			buildConfigurations = (
				92F373B82DEE87480032132E /* Debug */,
				92F373B92DEE87480032132E /* Release */,
			);
			defaultConfigurationIsVisible = 0;
			defaultConfigurationName = Release;
		};
		92F373BA2DEE87480032132E /* Build configuration list for PBXNativeTarget "CigarAIUITests" */ = {
			isa = XCConfigurationList;
			buildConfigurations = (
				92F373BB2DEE87480032132E /* Debug */,
				92F373BC2DEE87480032132E /* Release */,
			);
			defaultConfigurationIsVisible = 0;
			defaultConfigurationName = Release;
		};
/* End XCConfigurationList section */

/* Begin XCRemoteSwiftPackageReference section */
		92A1CAD32DF9732000874F4B /* XCRemoteSwiftPackageReference "Charts" */ = {
			isa = XCRemoteSwiftPackageReference;
			repositoryURL = "https://github.com/danielgindi/Charts.git";
			requirement = {
				kind = upToNextMajorVersion;
				minimumVersion = 5.1.0;
			};
		};
		92F373BF2DEE8E0B0032132E /* XCRemoteSwiftPackageReference "firebase-ios-sdk" */ = {
			isa = XCRemoteSwiftPackageReference;
			repositoryURL = "https://github.com/firebase/firebase-ios-sdk.git";
			requirement = {
				kind = upToNextMajorVersion;
				minimumVersion = 11.13.0;
			};
		};
/* End XCRemoteSwiftPackageReference section */

/* Begin XCSwiftPackageProductDependency section */
		92A1CAD42DF9732000874F4B /* DGCharts */ = {
			isa = XCSwiftPackageProductDependency;
			package = 92A1CAD32DF9732000874F4B /* XCRemoteSwiftPackageReference "Charts" */;
			productName = DGCharts;
		};
		92F373C02DEE8E0B0032132E /* FirebaseAuth */ = {
			isa = XCSwiftPackageProductDependency;
			package = 92F373BF2DEE8E0B0032132E /* XCRemoteSwiftPackageReference "firebase-ios-sdk" */;
			productName = FirebaseAuth;
		};
		92F373C22DEE8E0B0032132E /* FirebaseAuthCombine-Community */ = {
			isa = XCSwiftPackageProductDependency;
			package = 92F373BF2DEE8E0B0032132E /* XCRemoteSwiftPackageReference "firebase-ios-sdk" */;
			productName = "FirebaseAuthCombine-Community";
		};
		92F373C42DEE8E0B0032132E /* FirebaseDatabase */ = {
			isa = XCSwiftPackageProductDependency;
			package = 92F373BF2DEE8E0B0032132E /* XCRemoteSwiftPackageReference "firebase-ios-sdk" */;
			productName = FirebaseDatabase;
		};
		92F373C62DEE8E0B0032132E /* FirebaseFirestore */ = {
			isa = XCSwiftPackageProductDependency;
			package = 92F373BF2DEE8E0B0032132E /* XCRemoteSwiftPackageReference "firebase-ios-sdk" */;
			productName = FirebaseFirestore;
		};
		92F373C82DEE8E0B0032132E /* FirebaseFunctions */ = {
			isa = XCSwiftPackageProductDependency;
			package = 92F373BF2DEE8E0B0032132E /* XCRemoteSwiftPackageReference "firebase-ios-sdk" */;
			productName = FirebaseFunctions;
		};
		92F373CA2DEE8E0B0032132E /* FirebaseStorage */ = {
			isa = XCSwiftPackageProductDependency;
			package = 92F373BF2DEE8E0B0032132E /* XCRemoteSwiftPackageReference "firebase-ios-sdk" */;
			productName = FirebaseStorage;
		};
		92F373CC2DEE8E410032132E /* FirebaseCore */ = {
			isa = XCSwiftPackageProductDependency;
			package = 92F373BF2DEE8E0B0032132E /* XCRemoteSwiftPackageReference "firebase-ios-sdk" */;
			productName = FirebaseCore;
		};
/* End XCSwiftPackageProductDependency section */
	};
	rootObject = 92F3738B2DEE87450032132E /* Project object */;
}
